
Microsoft Visual Studio Solution File, Format Version 12.00
# Visual Studio Version 17
VisualStudioVersion = 17.7.34018.315
MinimumVisualStudioVersion = 10.0.40219.1
Project("{FAE04EC0-301F-11D3-BF4B-00C04F79EFBC}") = "StudentMarks", "StudentMarks\StudentMarks.csproj", "{F529957E-790D-43F2-AEBC-B60D1F4766EC}"
EndProject
Global
	GlobalSection(SolutionConfigurationPlatforms) = preSolution
		Debug|Any CPU = Debug|Any CPU
		Release|Any CPU = Release|Any CPU
	EndGlobalSection
	GlobalSection(ProjectConfigurationPlatforms) = postSolution
		{F529957E-790D-43F2-AEBC-B60D1F4766EC}.Debug|Any CPU.ActiveCfg = Debug|Any CPU
		{F529957E-790D-43F2-AEBC-B60D1F4766EC}.Debug|Any CPU.Build.0 = Debug|Any CPU
		{F529957E-790D-43F2-AEBC-B60D1F4766EC}.Release|Any CPU.ActiveCfg = Release|Any CPU
		{F529957E-790D-43F2-AEBC-B60D1F4766EC}.Release|Any CPU.Build.0 = Release|Any CPU
	EndGlobalSection
	GlobalSection(SolutionProperties) = preSolution
		HideSolutionNode = FALSE
	EndGlobalSection
	GlobalSection(ExtensibilityGlobals) = postSolution
		SolutionGuid = {E6766FFE-D68A-4365-8980-C9EBD4A1ED72}
	EndGlobalSection
EndGlobal
